
Microsoft Visual Studio Solution File, Format Version 12.00
# Visual Studio Version 16
VisualStudioVersion = 16.0.33027.164
MinimumVisualStudioVersion = 10.0.40219.1
Project("{FAE04EC0-301F-11D3-BF4B-00C04F79EFBC}") = "API", "API\API.csproj", "{DD0E2935-905C-4236-8831-99533C302D75}"
EndProject
Project("{FAE04EC0-301F-11D3-BF4B-00C04F79EFBC}") = "DLL", "DLL\DLL.csproj", "{BC3D3970-D3B2-4DBB-A33B-8F5AAE3AD02D}"
EndProject
Project("{FAE04EC0-301F-11D3-BF4B-00C04F79EFBC}") = "BLL", "BLL\BLL.csproj", "{82AB04D6-9281-45B4-8FE8-68DC63F99E63}"
EndProject
Global
	GlobalSection(SolutionConfigurationPlatforms) = preSolution
		Debug|Any CPU = Debug|Any CPU
		Release|Any CPU = Release|Any CPU
	EndGlobalSection
	GlobalSection(ProjectConfigurationPlatforms) = postSolution
		{DD0E2935-905C-4236-8831-99533C302D75}.Debug|Any CPU.ActiveCfg = Debug|Any CPU
		{DD0E2935-905C-4236-8831-99533C302D75}.Debug|Any CPU.Build.0 = Debug|Any CPU
		{DD0E2935-905C-4236-8831-99533C302D75}.Release|Any CPU.ActiveCfg = Release|Any CPU
		{DD0E2935-905C-4236-8831-99533C302D75}.Release|Any CPU.Build.0 = Release|Any CPU
		{BC3D3970-D3B2-4DBB-A33B-8F5AAE3AD02D}.Debug|Any CPU.ActiveCfg = Debug|Any CPU
		{BC3D3970-D3B2-4DBB-A33B-8F5AAE3AD02D}.Debug|Any CPU.Build.0 = Debug|Any CPU
		{BC3D3970-D3B2-4DBB-A33B-8F5AAE3AD02D}.Release|Any CPU.ActiveCfg = Release|Any CPU
		{BC3D3970-D3B2-4DBB-A33B-8F5AAE3AD02D}.Release|Any CPU.Build.0 = Release|Any CPU
		{82AB04D6-9281-45B4-8FE8-68DC63F99E63}.Debug|Any CPU.ActiveCfg = Debug|Any CPU
		{82AB04D6-9281-45B4-8FE8-68DC63F99E63}.Debug|Any CPU.Build.0 = Debug|Any CPU
		{82AB04D6-9281-45B4-8FE8-68DC63F99E63}.Release|Any CPU.ActiveCfg = Release|Any CPU
		{82AB04D6-9281-45B4-8FE8-68DC63F99E63}.Release|Any CPU.Build.0 = Release|Any CPU
	EndGlobalSection
	GlobalSection(SolutionProperties) = preSolution
		HideSolutionNode = FALSE
	EndGlobalSection
	GlobalSection(ExtensibilityGlobals) = postSolution
		SolutionGuid = {5707D2A8-85F0-4CCE-BDDA-B90B3008C8A0}
	EndGlobalSection
EndGlobal
